
Microsoft Visual Studio Solution File, Format Version 11.00
# Visual Studio 2010
Project("{FAE04EC0-301F-11D3-BF4B-00C04F79EFBC}") = "TrelloMailer.Tests", "TrelloMailer.Tests\TrelloMailer.Tests.csproj", "{3C840CFA-1725-4913-8F4A-106E664EA2B6}"
EndProject
Project("{FAE04EC0-301F-11D3-BF4B-00C04F79EFBC}") = "TrelloMailer", "TrelloMailer\TrelloMailer.csproj", "{899389D3-B6FD-4FB2-8D70-B3406581B74B}"
EndProject
Project("{FAE04EC0-301F-11D3-BF4B-00C04F79EFBC}") = "TrelloMailer.Core", "TrelloMailer.Core\TrelloMailer.Core.csproj", "{F239EA04-BC84-4160-9964-DBF045740D9E}"
EndProject
Project("{2150E333-8FDC-42A3-9474-1A3956D46DE8}") = "TrelloNet", "TrelloNet", "{32FE7EAC-22E9-484C-A021-5F9D00BD4140}"
EndProject
Project("{FAE04EC0-301F-11D3-BF4B-00C04F79EFBC}") = "TrelloNet", "TrelloNet\TrelloNet.csproj", "{9593A787-ED10-4493-9501-150F516FF166}"
EndProject
Global
	GlobalSection(SolutionConfigurationPlatforms) = preSolution
		Debug|Any CPU = Debug|Any CPU
		Release|Any CPU = Release|Any CPU
		Debug|x86 = Debug|x86
		Release|x86 = Release|x86
	EndGlobalSection
	GlobalSection(ProjectConfigurationPlatforms) = postSolution
		{3C840CFA-1725-4913-8F4A-106E664EA2B6}.Debug|Any CPU.ActiveCfg = Debug|Any CPU
		{3C840CFA-1725-4913-8F4A-106E664EA2B6}.Debug|Any CPU.Build.0 = Debug|Any CPU
		{3C840CFA-1725-4913-8F4A-106E664EA2B6}.Debug|x86.ActiveCfg = Debug|Any CPU
		{3C840CFA-1725-4913-8F4A-106E664EA2B6}.Debug|x86.Build.0 = Debug|Any CPU
		{3C840CFA-1725-4913-8F4A-106E664EA2B6}.Release|Any CPU.ActiveCfg = Release|Any CPU
		{3C840CFA-1725-4913-8F4A-106E664EA2B6}.Release|Any CPU.Build.0 = Release|Any CPU
		{3C840CFA-1725-4913-8F4A-106E664EA2B6}.Release|x86.ActiveCfg = Release|Any CPU
		{3C840CFA-1725-4913-8F4A-106E664EA2B6}.Release|x86.Build.0 = Release|Any CPU
		{899389D3-B6FD-4FB2-8D70-B3406581B74B}.Debug|Any CPU.ActiveCfg = Debug|x86
		{899389D3-B6FD-4FB2-8D70-B3406581B74B}.Debug|Any CPU.Build.0 = Debug|x86
		{899389D3-B6FD-4FB2-8D70-B3406581B74B}.Debug|x86.ActiveCfg = Debug|x86
		{899389D3-B6FD-4FB2-8D70-B3406581B74B}.Debug|x86.Build.0 = Debug|x86
		{899389D3-B6FD-4FB2-8D70-B3406581B74B}.Release|Any CPU.ActiveCfg = Release|x86
		{899389D3-B6FD-4FB2-8D70-B3406581B74B}.Release|Any CPU.Build.0 = Release|x86
		{899389D3-B6FD-4FB2-8D70-B3406581B74B}.Release|x86.ActiveCfg = Release|x86
		{899389D3-B6FD-4FB2-8D70-B3406581B74B}.Release|x86.Build.0 = Release|x86
		{9593A787-ED10-4493-9501-150F516FF166}.Debug|Any CPU.ActiveCfg = Debug|Any CPU
		{9593A787-ED10-4493-9501-150F516FF166}.Debug|Any CPU.Build.0 = Debug|Any CPU
		{9593A787-ED10-4493-9501-150F516FF166}.Debug|x86.ActiveCfg = Debug|Any CPU
		{9593A787-ED10-4493-9501-150F516FF166}.Debug|x86.Build.0 = Debug|Any CPU
		{9593A787-ED10-4493-9501-150F516FF166}.Release|Any CPU.ActiveCfg = Release|Any CPU
		{9593A787-ED10-4493-9501-150F516FF166}.Release|Any CPU.Build.0 = Release|Any CPU
		{9593A787-ED10-4493-9501-150F516FF166}.Release|x86.ActiveCfg = Release|Any CPU
		{9593A787-ED10-4493-9501-150F516FF166}.Release|x86.Build.0 = Release|Any CPU
		{F239EA04-BC84-4160-9964-DBF045740D9E}.Debug|Any CPU.ActiveCfg = Debug|Any CPU
		{F239EA04-BC84-4160-9964-DBF045740D9E}.Debug|Any CPU.Build.0 = Debug|Any CPU
		{F239EA04-BC84-4160-9964-DBF045740D9E}.Debug|x86.ActiveCfg = Debug|Any CPU
		{F239EA04-BC84-4160-9964-DBF045740D9E}.Debug|x86.Build.0 = Debug|Any CPU
		{F239EA04-BC84-4160-9964-DBF045740D9E}.Release|Any CPU.ActiveCfg = Release|Any CPU
		{F239EA04-BC84-4160-9964-DBF045740D9E}.Release|Any CPU.Build.0 = Release|Any CPU
		{F239EA04-BC84-4160-9964-DBF045740D9E}.Release|x86.ActiveCfg = Release|Any CPU
		{F239EA04-BC84-4160-9964-DBF045740D9E}.Release|x86.Build.0 = Release|Any CPU
	EndGlobalSection
	GlobalSection(NestedProjects) = preSolution
		{9593A787-ED10-4493-9501-150F516FF166} = {32FE7EAC-22E9-484C-A021-5F9D00BD4140}
	EndGlobalSection
	GlobalSection(MonoDevelopProperties) = preSolution
		StartupItem = TrelloMailer\TrelloMailer.csproj
	EndGlobalSection
EndGlobal
